# @generated by Move, please check-in and do not edit manually.

[move]
version = 3
manifest_digest = "7F211F231A481461FDDE9EAD4814F4FF1D442622B13FC4AEB238E868018C8EF1"
deps_digest = "E3B0C44298FC1C149AFBF4C8996FB92427AE41E4649B934CA495991B7852B855"

[move.toolchain-version]
compiler-version = "1.50.1"
edition = "2024"
flavor = "sui"
