# @generated by Move, please check-in and do not edit manually.

[move]
version = 3
manifest_digest = "DB5C8183AC45EE398E0142E79FB4804A1BBEE51FC80A2A66C14EE8230B8576DD"
deps_digest = "3C4103934B1E040BB6B23F1D610B4EF9F2F1166A50A104EADCF77467C004C600"
dependencies = [
  { id = "KanariFramework", name = "KanariFramework" },
  { id = "MoveStdlib", name = "MoveStdlib" },
]

[[move.package]]
id = "KanariFramework"
source = { git = "https://github.com/kanari-network/kanari-sdk.git", rev = "main", subdir = "frameworks/kanari-framework" }

dependencies = [
  { id = "MoveStdlib", name = "MoveStdlib" },
]

[[move.package]]
id = "MoveStdlib"
source = { git = "https://github.com/kanari-network/kanari-sdk.git", rev = "main", subdir = "frameworks\\move-stdlib" }

[move.toolchain-version]
compiler-version = "1.39.1"
edition = "legacy"
flavor = "sui"
