# Generated by move; do not edit
# This file should be checked in.

[move]
version = 4

[pinned.testnet.KanariSystem]
source = { local = '..\..\..\crates\kanari-frameworks\packages\kanari-system' }
use_environment = "testnet"
manifest_digest = "7AFB66695545775FBFBB2D3078ADFD084244D5002392E837FDE21D9EA1C6D01C"
deps = { MoveStdlib = "MoveStdlib" }

[pinned.testnet.MoveStdlib]
source = { local = '..\..\..\crates\kanari-frameworks\packages\move-stdlib' }
use_environment = "testnet"
manifest_digest = "C4FE4C91DE74CBF223B2E380AE40F592177D21870DC2D7EB6227D2D694E05363"
deps = {}

[pinned.testnet.kanari_escrow]
source = { root = true }
use_environment = "testnet"
manifest_digest = "783869E34F7E9B8EBA3F09A0D63C3FC227183DF3092B6FD3AB2271F92081252F"
deps = { KanariSystem = "KanariSystem", MoveStdlib = "MoveStdlib" }
